
Microsoft Visual Studio Solution File, Format Version 12.00
# Visual Studio Version 17
VisualStudioVersion = 17.1.32421.90
MinimumVisualStudioVersion = 10.0.40219.1
Project("{FAE04EC0-301F-11D3-BF4B-00C04F79EFBC}") = "006_Variable", "006_Variable\006_Variable.csproj", "{D07675F6-8A0C-431B-9070-4432993906EF}"
EndProject
Project("{FAE04EC0-301F-11D3-BF4B-00C04F79EFBC}") = "007_Variable2", "007_Variable2\007_Variable2.csproj", "{B0A7633E-A194-470B-9BD0-CF08EB8084F1}"
EndProject
Global
	GlobalSection(SolutionConfigurationPlatforms) = preSolution
		Debug|Any CPU = Debug|Any CPU
		Release|Any CPU = Release|Any CPU
	EndGlobalSection
	GlobalSection(ProjectConfigurationPlatforms) = postSolution
		{D07675F6-8A0C-431B-9070-4432993906EF}.Debug|Any CPU.ActiveCfg = Debug|Any CPU
		{D07675F6-8A0C-431B-9070-4432993906EF}.Debug|Any CPU.Build.0 = Debug|Any CPU
		{D07675F6-8A0C-431B-9070-4432993906EF}.Release|Any CPU.ActiveCfg = Release|Any CPU
		{D07675F6-8A0C-431B-9070-4432993906EF}.Release|Any CPU.Build.0 = Release|Any CPU
		{B0A7633E-A194-470B-9BD0-CF08EB8084F1}.Debug|Any CPU.ActiveCfg = Debug|Any CPU
		{B0A7633E-A194-470B-9BD0-CF08EB8084F1}.Debug|Any CPU.Build.0 = Debug|Any CPU
		{B0A7633E-A194-470B-9BD0-CF08EB8084F1}.Release|Any CPU.ActiveCfg = Release|Any CPU
		{B0A7633E-A194-470B-9BD0-CF08EB8084F1}.Release|Any CPU.Build.0 = Release|Any CPU
	EndGlobalSection
	GlobalSection(SolutionProperties) = preSolution
		HideSolutionNode = FALSE
	EndGlobalSection
	GlobalSection(ExtensibilityGlobals) = postSolution
		SolutionGuid = {75783F86-B4B5-4DB7-919E-7ED7DC0A1EBA}
	EndGlobalSection
EndGlobal
