
Microsoft Visual Studio Solution File, Format Version 12.00
# Visual Studio Version 17
VisualStudioVersion = 17.1.32328.378
MinimumVisualStudioVersion = 10.0.40219.1
Project("{FAE04EC0-301F-11D3-BF4B-00C04F79EFBC}") = "01_SelectionSort", "01_SelectionSort\01_SelectionSort.csproj", "{045A4111-0059-40F2-B1EE-02EB0384F40D}"
EndProject
Project("{FAE04EC0-301F-11D3-BF4B-00C04F79EFBC}") = "02_BubbleSort", "02_BubbleSort\02_BubbleSort.csproj", "{68447666-4DCD-4630-9D7B-7E55E21795D8}"
EndProject
Project("{FAE04EC0-301F-11D3-BF4B-00C04F79EFBC}") = "03_QuickSort", "03_QuickSort\03_QuickSort.csproj", "{030B1B1C-855F-4725-881F-D52A14218068}"
EndProject
Project("{FAE04EC0-301F-11D3-BF4B-00C04F79EFBC}") = "04_InsertionSort", "04_InsertionSort\04_InsertionSort.csproj", "{D9E60711-39B0-468C-9B5C-3D2B38DC0F58}"
EndProject
Global
	GlobalSection(SolutionConfigurationPlatforms) = preSolution
		Debug|Any CPU = Debug|Any CPU
		Release|Any CPU = Release|Any CPU
	EndGlobalSection
	GlobalSection(ProjectConfigurationPlatforms) = postSolution
		{045A4111-0059-40F2-B1EE-02EB0384F40D}.Debug|Any CPU.ActiveCfg = Debug|Any CPU
		{045A4111-0059-40F2-B1EE-02EB0384F40D}.Debug|Any CPU.Build.0 = Debug|Any CPU
		{045A4111-0059-40F2-B1EE-02EB0384F40D}.Release|Any CPU.ActiveCfg = Release|Any CPU
		{045A4111-0059-40F2-B1EE-02EB0384F40D}.Release|Any CPU.Build.0 = Release|Any CPU
		{68447666-4DCD-4630-9D7B-7E55E21795D8}.Debug|Any CPU.ActiveCfg = Debug|Any CPU
		{68447666-4DCD-4630-9D7B-7E55E21795D8}.Debug|Any CPU.Build.0 = Debug|Any CPU
		{68447666-4DCD-4630-9D7B-7E55E21795D8}.Release|Any CPU.ActiveCfg = Release|Any CPU
		{68447666-4DCD-4630-9D7B-7E55E21795D8}.Release|Any CPU.Build.0 = Release|Any CPU
		{030B1B1C-855F-4725-881F-D52A14218068}.Debug|Any CPU.ActiveCfg = Debug|Any CPU
		{030B1B1C-855F-4725-881F-D52A14218068}.Debug|Any CPU.Build.0 = Debug|Any CPU
		{030B1B1C-855F-4725-881F-D52A14218068}.Release|Any CPU.ActiveCfg = Release|Any CPU
		{030B1B1C-855F-4725-881F-D52A14218068}.Release|Any CPU.Build.0 = Release|Any CPU
		{D9E60711-39B0-468C-9B5C-3D2B38DC0F58}.Debug|Any CPU.ActiveCfg = Debug|Any CPU
		{D9E60711-39B0-468C-9B5C-3D2B38DC0F58}.Debug|Any CPU.Build.0 = Debug|Any CPU
		{D9E60711-39B0-468C-9B5C-3D2B38DC0F58}.Release|Any CPU.ActiveCfg = Release|Any CPU
		{D9E60711-39B0-468C-9B5C-3D2B38DC0F58}.Release|Any CPU.Build.0 = Release|Any CPU
	EndGlobalSection
	GlobalSection(SolutionProperties) = preSolution
		HideSolutionNode = FALSE
	EndGlobalSection
	GlobalSection(ExtensibilityGlobals) = postSolution
		SolutionGuid = {70284969-62EE-40CC-AF27-5DC481A2D1C7}
	EndGlobalSection
EndGlobal
