
Microsoft Visual Studio Solution File, Format Version 12.00
# Visual Studio Version 17
VisualStudioVersion = 17.3.32922.545
MinimumVisualStudioVersion = 10.0.40219.1
Project("{FAE04EC0-301F-11D3-BF4B-00C04F79EFBC}") = "01_BinaryTree", "01_BinaryTree\01_BinaryTree.csproj", "{BBBD8462-26D1-4DE5-9D52-726B4D4527BE}"
EndProject
Project("{FAE04EC0-301F-11D3-BF4B-00C04F79EFBC}") = "02_ListGraph", "02_ListGraph\02_ListGraph.csproj", "{06F320E4-FA32-4852-8D95-3DB88D47AB5B}"
EndProject
Global
	GlobalSection(SolutionConfigurationPlatforms) = preSolution
		Debug|Any CPU = Debug|Any CPU
		Release|Any CPU = Release|Any CPU
	EndGlobalSection
	GlobalSection(ProjectConfigurationPlatforms) = postSolution
		{BBBD8462-26D1-4DE5-9D52-726B4D4527BE}.Debug|Any CPU.ActiveCfg = Debug|Any CPU
		{BBBD8462-26D1-4DE5-9D52-726B4D4527BE}.Debug|Any CPU.Build.0 = Debug|Any CPU
		{BBBD8462-26D1-4DE5-9D52-726B4D4527BE}.Release|Any CPU.ActiveCfg = Release|Any CPU
		{BBBD8462-26D1-4DE5-9D52-726B4D4527BE}.Release|Any CPU.Build.0 = Release|Any CPU
		{06F320E4-FA32-4852-8D95-3DB88D47AB5B}.Debug|Any CPU.ActiveCfg = Debug|Any CPU
		{06F320E4-FA32-4852-8D95-3DB88D47AB5B}.Debug|Any CPU.Build.0 = Debug|Any CPU
		{06F320E4-FA32-4852-8D95-3DB88D47AB5B}.Release|Any CPU.ActiveCfg = Release|Any CPU
		{06F320E4-FA32-4852-8D95-3DB88D47AB5B}.Release|Any CPU.Build.0 = Release|Any CPU
	EndGlobalSection
	GlobalSection(SolutionProperties) = preSolution
		HideSolutionNode = FALSE
	EndGlobalSection
	GlobalSection(ExtensibilityGlobals) = postSolution
		SolutionGuid = {7F251D8A-EE75-4CC4-AA43-33AA3BE8430D}
	EndGlobalSection
EndGlobal
