
Microsoft Visual Studio Solution File, Format Version 12.00
# Visual Studio Version 17
VisualStudioVersion = 17.1.32328.378
MinimumVisualStudioVersion = 10.0.40219.1
Project("{FAE04EC0-301F-11D3-BF4B-00C04F79EFBC}") = "093_Check", "093_Check\093_Check.csproj", "{5200ACFD-15E3-47D2-AABF-1320A88D2C15}"
EndProject
Global
	GlobalSection(SolutionConfigurationPlatforms) = preSolution
		Debug|Any CPU = Debug|Any CPU
		Release|Any CPU = Release|Any CPU
	EndGlobalSection
	GlobalSection(ProjectConfigurationPlatforms) = postSolution
		{5200ACFD-15E3-47D2-AABF-1320A88D2C15}.Debug|Any CPU.ActiveCfg = Debug|Any CPU
		{5200ACFD-15E3-47D2-AABF-1320A88D2C15}.Debug|Any CPU.Build.0 = Debug|Any CPU
		{5200ACFD-15E3-47D2-AABF-1320A88D2C15}.Release|Any CPU.ActiveCfg = Release|Any CPU
		{5200ACFD-15E3-47D2-AABF-1320A88D2C15}.Release|Any CPU.Build.0 = Release|Any CPU
	EndGlobalSection
	GlobalSection(SolutionProperties) = preSolution
		HideSolutionNode = FALSE
	EndGlobalSection
	GlobalSection(ExtensibilityGlobals) = postSolution
		SolutionGuid = {D66AEC3D-E0B8-44FD-9BE8-74B9A9B251E6}
	EndGlobalSection
EndGlobal
