
Microsoft Visual Studio Solution File, Format Version 12.00
# Visual Studio Version 17
VisualStudioVersion = 17.1.32328.378
MinimumVisualStudioVersion = 10.0.40219.1
Project("{FAE04EC0-301F-11D3-BF4B-00C04F79EFBC}") = "02_ArrayList", "02_ArrayList\02_ArrayList.csproj", "{194EFBE8-696D-4480-826F-5E49CEC6F66E}"
EndProject
Project("{FAE04EC0-301F-11D3-BF4B-00C04F79EFBC}") = "01_Array", "01_Array\01_Array.csproj", "{000AAFE3-A69D-40F4-948D-E39A0AAEF8F5}"
EndProject
Project("{FAE04EC0-301F-11D3-BF4B-00C04F79EFBC}") = "03_LinkedList", "03_LinkedList\03_LinkedList.csproj", "{5039318B-C39D-4BF7-B5FF-25234F8A5E15}"
EndProject
Project("{FAE04EC0-301F-11D3-BF4B-00C04F79EFBC}") = "04_Stack", "04_Stack\04_Stack.csproj", "{C9A19147-B8AC-4B54-A6C8-14A6907F6ADA}"
EndProject
Project("{FAE04EC0-301F-11D3-BF4B-00C04F79EFBC}") = "05_Queue", "05_Queue\05_Queue.csproj", "{1C66E73E-2716-4B91-BC23-6481180EF945}"
EndProject
Global
	GlobalSection(SolutionConfigurationPlatforms) = preSolution
		Debug|Any CPU = Debug|Any CPU
		Release|Any CPU = Release|Any CPU
	EndGlobalSection
	GlobalSection(ProjectConfigurationPlatforms) = postSolution
		{194EFBE8-696D-4480-826F-5E49CEC6F66E}.Debug|Any CPU.ActiveCfg = Debug|Any CPU
		{194EFBE8-696D-4480-826F-5E49CEC6F66E}.Debug|Any CPU.Build.0 = Debug|Any CPU
		{194EFBE8-696D-4480-826F-5E49CEC6F66E}.Release|Any CPU.ActiveCfg = Release|Any CPU
		{194EFBE8-696D-4480-826F-5E49CEC6F66E}.Release|Any CPU.Build.0 = Release|Any CPU
		{000AAFE3-A69D-40F4-948D-E39A0AAEF8F5}.Debug|Any CPU.ActiveCfg = Debug|Any CPU
		{000AAFE3-A69D-40F4-948D-E39A0AAEF8F5}.Debug|Any CPU.Build.0 = Debug|Any CPU
		{000AAFE3-A69D-40F4-948D-E39A0AAEF8F5}.Release|Any CPU.ActiveCfg = Release|Any CPU
		{000AAFE3-A69D-40F4-948D-E39A0AAEF8F5}.Release|Any CPU.Build.0 = Release|Any CPU
		{5039318B-C39D-4BF7-B5FF-25234F8A5E15}.Debug|Any CPU.ActiveCfg = Debug|Any CPU
		{5039318B-C39D-4BF7-B5FF-25234F8A5E15}.Debug|Any CPU.Build.0 = Debug|Any CPU
		{5039318B-C39D-4BF7-B5FF-25234F8A5E15}.Release|Any CPU.ActiveCfg = Release|Any CPU
		{5039318B-C39D-4BF7-B5FF-25234F8A5E15}.Release|Any CPU.Build.0 = Release|Any CPU
		{C9A19147-B8AC-4B54-A6C8-14A6907F6ADA}.Debug|Any CPU.ActiveCfg = Debug|Any CPU
		{C9A19147-B8AC-4B54-A6C8-14A6907F6ADA}.Debug|Any CPU.Build.0 = Debug|Any CPU
		{C9A19147-B8AC-4B54-A6C8-14A6907F6ADA}.Release|Any CPU.ActiveCfg = Release|Any CPU
		{C9A19147-B8AC-4B54-A6C8-14A6907F6ADA}.Release|Any CPU.Build.0 = Release|Any CPU
		{1C66E73E-2716-4B91-BC23-6481180EF945}.Debug|Any CPU.ActiveCfg = Debug|Any CPU
		{1C66E73E-2716-4B91-BC23-6481180EF945}.Debug|Any CPU.Build.0 = Debug|Any CPU
		{1C66E73E-2716-4B91-BC23-6481180EF945}.Release|Any CPU.ActiveCfg = Release|Any CPU
		{1C66E73E-2716-4B91-BC23-6481180EF945}.Release|Any CPU.Build.0 = Release|Any CPU
	EndGlobalSection
	GlobalSection(SolutionProperties) = preSolution
		HideSolutionNode = FALSE
	EndGlobalSection
	GlobalSection(ExtensibilityGlobals) = postSolution
		SolutionGuid = {F7C20ED3-B40E-431D-9946-BF9817E42AB2}
	EndGlobalSection
EndGlobal
