
Microsoft Visual Studio Solution File, Format Version 12.00
# Visual Studio Version 17
VisualStudioVersion = 17.1.32421.90
MinimumVisualStudioVersion = 10.0.40219.1
Project("{FAE04EC0-301F-11D3-BF4B-00C04F79EFBC}") = "132_File01", "132_File01\132_File01.csproj", "{C1B9E904-3299-4A14-89C7-12951967E7B9}"
EndProject
Project("{FAE04EC0-301F-11D3-BF4B-00C04F79EFBC}") = "133_File_BitConverter", "133_File_BitConverter\133_File_BitConverter.csproj", "{3C8F4381-3F44-4995-97B2-C4567454159B}"
EndProject
Project("{FAE04EC0-301F-11D3-BF4B-00C04F79EFBC}") = "134_File_StreamWriterReader", "134_File_StreamWriterReader\134_File_StreamWriterReader.csproj", "{8EDA8894-96F6-4580-BB40-A859F3BDAE83}"
EndProject
Global
	GlobalSection(SolutionConfigurationPlatforms) = preSolution
		Debug|Any CPU = Debug|Any CPU
		Release|Any CPU = Release|Any CPU
	EndGlobalSection
	GlobalSection(ProjectConfigurationPlatforms) = postSolution
		{C1B9E904-3299-4A14-89C7-12951967E7B9}.Debug|Any CPU.ActiveCfg = Debug|Any CPU
		{C1B9E904-3299-4A14-89C7-12951967E7B9}.Debug|Any CPU.Build.0 = Debug|Any CPU
		{C1B9E904-3299-4A14-89C7-12951967E7B9}.Release|Any CPU.ActiveCfg = Release|Any CPU
		{C1B9E904-3299-4A14-89C7-12951967E7B9}.Release|Any CPU.Build.0 = Release|Any CPU
		{3C8F4381-3F44-4995-97B2-C4567454159B}.Debug|Any CPU.ActiveCfg = Debug|Any CPU
		{3C8F4381-3F44-4995-97B2-C4567454159B}.Debug|Any CPU.Build.0 = Debug|Any CPU
		{3C8F4381-3F44-4995-97B2-C4567454159B}.Release|Any CPU.ActiveCfg = Release|Any CPU
		{3C8F4381-3F44-4995-97B2-C4567454159B}.Release|Any CPU.Build.0 = Release|Any CPU
		{8EDA8894-96F6-4580-BB40-A859F3BDAE83}.Debug|Any CPU.ActiveCfg = Debug|Any CPU
		{8EDA8894-96F6-4580-BB40-A859F3BDAE83}.Debug|Any CPU.Build.0 = Debug|Any CPU
		{8EDA8894-96F6-4580-BB40-A859F3BDAE83}.Release|Any CPU.ActiveCfg = Release|Any CPU
		{8EDA8894-96F6-4580-BB40-A859F3BDAE83}.Release|Any CPU.Build.0 = Release|Any CPU
	EndGlobalSection
	GlobalSection(SolutionProperties) = preSolution
		HideSolutionNode = FALSE
	EndGlobalSection
	GlobalSection(ExtensibilityGlobals) = postSolution
		SolutionGuid = {3AD39D8D-EB75-4DA3-85A0-E811D3870213}
	EndGlobalSection
EndGlobal
