
Microsoft Visual Studio Solution File, Format Version 12.00
# Visual Studio Version 17
VisualStudioVersion = 17.1.32421.90
MinimumVisualStudioVersion = 10.0.40219.1
Project("{FAE04EC0-301F-11D3-BF4B-00C04F79EFBC}") = "034_Operator1", "034_Operator1\034_Operator1.csproj", "{8453C54D-C8ED-44D6-A7DA-07A55D22511B}"
EndProject
Project("{FAE04EC0-301F-11D3-BF4B-00C04F79EFBC}") = "035_Operator2", "035_Operator2\035_Operator2.csproj", "{5BC129A3-7C17-4C77-80F9-6DB5BF753CC8}"
EndProject
Project("{FAE04EC0-301F-11D3-BF4B-00C04F79EFBC}") = "036_Operator3", "036_Operator3\036_Operator3.csproj", "{21CC0862-FCCC-4FDF-9F71-79C81F59179E}"
EndProject
Project("{FAE04EC0-301F-11D3-BF4B-00C04F79EFBC}") = "037_Operator4", "037_Operator4\037_Operator4.csproj", "{92CD29A2-D547-469A-A3F5-DE1372FABACE}"
EndProject
Project("{FAE04EC0-301F-11D3-BF4B-00C04F79EFBC}") = "038_Operator5", "038_Operator5\038_Operator5.csproj", "{CF2931FC-2D82-4709-B041-F2AE4E98DC86}"
EndProject
Project("{FAE04EC0-301F-11D3-BF4B-00C04F79EFBC}") = "039_Operator6", "039_Operator6\039_Operator6.csproj", "{376C44E3-01C2-4CAB-880D-9D928351E8E5}"
EndProject
Project("{FAE04EC0-301F-11D3-BF4B-00C04F79EFBC}") = "040_Operator_Bit", "040_Operator_Bit\040_Operator_Bit.csproj", "{04470836-09F1-45A2-A102-D320E309BB47}"
EndProject
Project("{FAE04EC0-301F-11D3-BF4B-00C04F79EFBC}") = "041_Operator_Null", "041_Operator_Null\041_Operator_Null.csproj", "{E3AEDAD8-5FFC-405B-BB29-C75208CE157E}"
EndProject
Project("{FAE04EC0-301F-11D3-BF4B-00C04F79EFBC}") = "042_Operator_Branch", "042_Operator_Branch\042_Operator_Branch.csproj", "{551F5EAD-167A-4EAC-AC78-5901819E7D34}"
EndProject
Project("{FAE04EC0-301F-11D3-BF4B-00C04F79EFBC}") = "043_Operator_Branch2", "043_Operator_Branch2\043_Operator_Branch2.csproj", "{ED8C09B8-31C9-42C2-9E98-037A7E1889F2}"
EndProject
Project("{FAE04EC0-301F-11D3-BF4B-00C04F79EFBC}") = "044_Operator_Branch3", "044_Operator_Branch3\044_Operator_Branch3.csproj", "{B7EF19BF-E7D8-4EBC-B3F3-9F53B2BCD2B5}"
EndProject
Project("{FAE04EC0-301F-11D3-BF4B-00C04F79EFBC}") = "045_Operator_switch", "045_Operator_switch\045_Operator_switch.csproj", "{65DC4913-2B4A-499C-A22F-069E3C402A02}"
EndProject
Project("{FAE04EC0-301F-11D3-BF4B-00C04F79EFBC}") = "046_Operator_switch", "046_Operator_switch\046_Operator_switch.csproj", "{A1F8CDC2-4482-4494-8A6F-71C1C09256E1}"
EndProject
Project("{FAE04EC0-301F-11D3-BF4B-00C04F79EFBC}") = "047_Operator_while", "047_Operator_While\047_Operator_while.csproj", "{3BF3B3B1-BCDE-4982-8956-EBC96CDACE04}"
EndProject
Project("{FAE04EC0-301F-11D3-BF4B-00C04F79EFBC}") = "048_Operatro_do_while", "048_Operatro_do_while\048_Operatro_do_while.csproj", "{A4F52C1F-AA0D-45AC-A617-ED08490D5068}"
EndProject
Project("{FAE04EC0-301F-11D3-BF4B-00C04F79EFBC}") = "049_Operator_for", "049_Operator_for\049_Operator_for.csproj", "{458E915D-223E-4B8F-88FA-2AF3A3DBD080}"
EndProject
Project("{FAE04EC0-301F-11D3-BF4B-00C04F79EFBC}") = "050_Operator_for_for", "050_Operator_for_for\050_Operator_for_for.csproj", "{49D58B1F-1E3F-47E6-9776-A292F4BE0373}"
EndProject
Project("{FAE04EC0-301F-11D3-BF4B-00C04F79EFBC}") = "051_Operator_while(true)", "051_Operator_while(true)\051_Operator_while(true).csproj", "{F03E39CB-159C-4E28-9A8D-73F23F2AC85C}"
EndProject
Project("{FAE04EC0-301F-11D3-BF4B-00C04F79EFBC}") = "052_Operator_break", "052_Operator_break\052_Operator_break.csproj", "{DE11F0D2-C503-4DB2-974E-79BA56C37B0C}"
EndProject
Project("{FAE04EC0-301F-11D3-BF4B-00C04F79EFBC}") = "053_Operator_continue", "053_Operator_continue\053_Operator_continue.csproj", "{FB551757-738F-4300-BCFD-8EA642D0F0E2}"
EndProject
Project("{FAE04EC0-301F-11D3-BF4B-00C04F79EFBC}") = "054_Operator_goto", "054_Operator_goto\054_Operator_goto.csproj", "{CE28DC87-EC32-4F7A-A16E-09887D098E16}"
EndProject
Project("{FAE04EC0-301F-11D3-BF4B-00C04F79EFBC}") = "055_Check", "055_Check\055_Check.csproj", "{D585CC46-BD31-4C21-AD0A-44CF89DED797}"
EndProject
Project("{FAE04EC0-301F-11D3-BF4B-00C04F79EFBC}") = "056_Check", "056_Check\056_Check.csproj", "{2DB7BF2B-CD33-4F22-805F-FEFBC6044D5A}"
EndProject
Project("{FAE04EC0-301F-11D3-BF4B-00C04F79EFBC}") = "057_Check", "057_Check\057_Check.csproj", "{476CC62C-DDC9-47CA-9BA2-4AA3198C27D9}"
EndProject
Global
	GlobalSection(SolutionConfigurationPlatforms) = preSolution
		Debug|Any CPU = Debug|Any CPU
		Release|Any CPU = Release|Any CPU
	EndGlobalSection
	GlobalSection(ProjectConfigurationPlatforms) = postSolution
		{8453C54D-C8ED-44D6-A7DA-07A55D22511B}.Debug|Any CPU.ActiveCfg = Debug|Any CPU
		{8453C54D-C8ED-44D6-A7DA-07A55D22511B}.Debug|Any CPU.Build.0 = Debug|Any CPU
		{8453C54D-C8ED-44D6-A7DA-07A55D22511B}.Release|Any CPU.ActiveCfg = Release|Any CPU
		{8453C54D-C8ED-44D6-A7DA-07A55D22511B}.Release|Any CPU.Build.0 = Release|Any CPU
		{5BC129A3-7C17-4C77-80F9-6DB5BF753CC8}.Debug|Any CPU.ActiveCfg = Debug|Any CPU
		{5BC129A3-7C17-4C77-80F9-6DB5BF753CC8}.Debug|Any CPU.Build.0 = Debug|Any CPU
		{5BC129A3-7C17-4C77-80F9-6DB5BF753CC8}.Release|Any CPU.ActiveCfg = Release|Any CPU
		{5BC129A3-7C17-4C77-80F9-6DB5BF753CC8}.Release|Any CPU.Build.0 = Release|Any CPU
		{21CC0862-FCCC-4FDF-9F71-79C81F59179E}.Debug|Any CPU.ActiveCfg = Debug|Any CPU
		{21CC0862-FCCC-4FDF-9F71-79C81F59179E}.Debug|Any CPU.Build.0 = Debug|Any CPU
		{21CC0862-FCCC-4FDF-9F71-79C81F59179E}.Release|Any CPU.ActiveCfg = Release|Any CPU
		{21CC0862-FCCC-4FDF-9F71-79C81F59179E}.Release|Any CPU.Build.0 = Release|Any CPU
		{92CD29A2-D547-469A-A3F5-DE1372FABACE}.Debug|Any CPU.ActiveCfg = Debug|Any CPU
		{92CD29A2-D547-469A-A3F5-DE1372FABACE}.Debug|Any CPU.Build.0 = Debug|Any CPU
		{92CD29A2-D547-469A-A3F5-DE1372FABACE}.Release|Any CPU.ActiveCfg = Release|Any CPU
		{92CD29A2-D547-469A-A3F5-DE1372FABACE}.Release|Any CPU.Build.0 = Release|Any CPU
		{CF2931FC-2D82-4709-B041-F2AE4E98DC86}.Debug|Any CPU.ActiveCfg = Debug|Any CPU
		{CF2931FC-2D82-4709-B041-F2AE4E98DC86}.Debug|Any CPU.Build.0 = Debug|Any CPU
		{CF2931FC-2D82-4709-B041-F2AE4E98DC86}.Release|Any CPU.ActiveCfg = Release|Any CPU
		{CF2931FC-2D82-4709-B041-F2AE4E98DC86}.Release|Any CPU.Build.0 = Release|Any CPU
		{376C44E3-01C2-4CAB-880D-9D928351E8E5}.Debug|Any CPU.ActiveCfg = Debug|Any CPU
		{376C44E3-01C2-4CAB-880D-9D928351E8E5}.Debug|Any CPU.Build.0 = Debug|Any CPU
		{376C44E3-01C2-4CAB-880D-9D928351E8E5}.Release|Any CPU.ActiveCfg = Release|Any CPU
		{376C44E3-01C2-4CAB-880D-9D928351E8E5}.Release|Any CPU.Build.0 = Release|Any CPU
		{04470836-09F1-45A2-A102-D320E309BB47}.Debug|Any CPU.ActiveCfg = Debug|Any CPU
		{04470836-09F1-45A2-A102-D320E309BB47}.Debug|Any CPU.Build.0 = Debug|Any CPU
		{04470836-09F1-45A2-A102-D320E309BB47}.Release|Any CPU.ActiveCfg = Release|Any CPU
		{04470836-09F1-45A2-A102-D320E309BB47}.Release|Any CPU.Build.0 = Release|Any CPU
		{E3AEDAD8-5FFC-405B-BB29-C75208CE157E}.Debug|Any CPU.ActiveCfg = Debug|Any CPU
		{E3AEDAD8-5FFC-405B-BB29-C75208CE157E}.Debug|Any CPU.Build.0 = Debug|Any CPU
		{E3AEDAD8-5FFC-405B-BB29-C75208CE157E}.Release|Any CPU.ActiveCfg = Release|Any CPU
		{E3AEDAD8-5FFC-405B-BB29-C75208CE157E}.Release|Any CPU.Build.0 = Release|Any CPU
		{551F5EAD-167A-4EAC-AC78-5901819E7D34}.Debug|Any CPU.ActiveCfg = Debug|Any CPU
		{551F5EAD-167A-4EAC-AC78-5901819E7D34}.Debug|Any CPU.Build.0 = Debug|Any CPU
		{551F5EAD-167A-4EAC-AC78-5901819E7D34}.Release|Any CPU.ActiveCfg = Release|Any CPU
		{551F5EAD-167A-4EAC-AC78-5901819E7D34}.Release|Any CPU.Build.0 = Release|Any CPU
		{ED8C09B8-31C9-42C2-9E98-037A7E1889F2}.Debug|Any CPU.ActiveCfg = Debug|Any CPU
		{ED8C09B8-31C9-42C2-9E98-037A7E1889F2}.Debug|Any CPU.Build.0 = Debug|Any CPU
		{ED8C09B8-31C9-42C2-9E98-037A7E1889F2}.Release|Any CPU.ActiveCfg = Release|Any CPU
		{ED8C09B8-31C9-42C2-9E98-037A7E1889F2}.Release|Any CPU.Build.0 = Release|Any CPU
		{B7EF19BF-E7D8-4EBC-B3F3-9F53B2BCD2B5}.Debug|Any CPU.ActiveCfg = Debug|Any CPU
		{B7EF19BF-E7D8-4EBC-B3F3-9F53B2BCD2B5}.Debug|Any CPU.Build.0 = Debug|Any CPU
		{B7EF19BF-E7D8-4EBC-B3F3-9F53B2BCD2B5}.Release|Any CPU.ActiveCfg = Release|Any CPU
		{B7EF19BF-E7D8-4EBC-B3F3-9F53B2BCD2B5}.Release|Any CPU.Build.0 = Release|Any CPU
		{65DC4913-2B4A-499C-A22F-069E3C402A02}.Debug|Any CPU.ActiveCfg = Debug|Any CPU
		{65DC4913-2B4A-499C-A22F-069E3C402A02}.Debug|Any CPU.Build.0 = Debug|Any CPU
		{65DC4913-2B4A-499C-A22F-069E3C402A02}.Release|Any CPU.ActiveCfg = Release|Any CPU
		{65DC4913-2B4A-499C-A22F-069E3C402A02}.Release|Any CPU.Build.0 = Release|Any CPU
		{A1F8CDC2-4482-4494-8A6F-71C1C09256E1}.Debug|Any CPU.ActiveCfg = Debug|Any CPU
		{A1F8CDC2-4482-4494-8A6F-71C1C09256E1}.Debug|Any CPU.Build.0 = Debug|Any CPU
		{A1F8CDC2-4482-4494-8A6F-71C1C09256E1}.Release|Any CPU.ActiveCfg = Release|Any CPU
		{A1F8CDC2-4482-4494-8A6F-71C1C09256E1}.Release|Any CPU.Build.0 = Release|Any CPU
		{3BF3B3B1-BCDE-4982-8956-EBC96CDACE04}.Debug|Any CPU.ActiveCfg = Debug|Any CPU
		{3BF3B3B1-BCDE-4982-8956-EBC96CDACE04}.Debug|Any CPU.Build.0 = Debug|Any CPU
		{3BF3B3B1-BCDE-4982-8956-EBC96CDACE04}.Release|Any CPU.ActiveCfg = Release|Any CPU
		{3BF3B3B1-BCDE-4982-8956-EBC96CDACE04}.Release|Any CPU.Build.0 = Release|Any CPU
		{A4F52C1F-AA0D-45AC-A617-ED08490D5068}.Debug|Any CPU.ActiveCfg = Debug|Any CPU
		{A4F52C1F-AA0D-45AC-A617-ED08490D5068}.Debug|Any CPU.Build.0 = Debug|Any CPU
		{A4F52C1F-AA0D-45AC-A617-ED08490D5068}.Release|Any CPU.ActiveCfg = Release|Any CPU
		{A4F52C1F-AA0D-45AC-A617-ED08490D5068}.Release|Any CPU.Build.0 = Release|Any CPU
		{458E915D-223E-4B8F-88FA-2AF3A3DBD080}.Debug|Any CPU.ActiveCfg = Debug|Any CPU
		{458E915D-223E-4B8F-88FA-2AF3A3DBD080}.Debug|Any CPU.Build.0 = Debug|Any CPU
		{458E915D-223E-4B8F-88FA-2AF3A3DBD080}.Release|Any CPU.ActiveCfg = Release|Any CPU
		{458E915D-223E-4B8F-88FA-2AF3A3DBD080}.Release|Any CPU.Build.0 = Release|Any CPU
		{49D58B1F-1E3F-47E6-9776-A292F4BE0373}.Debug|Any CPU.ActiveCfg = Debug|Any CPU
		{49D58B1F-1E3F-47E6-9776-A292F4BE0373}.Debug|Any CPU.Build.0 = Debug|Any CPU
		{49D58B1F-1E3F-47E6-9776-A292F4BE0373}.Release|Any CPU.ActiveCfg = Release|Any CPU
		{49D58B1F-1E3F-47E6-9776-A292F4BE0373}.Release|Any CPU.Build.0 = Release|Any CPU
		{F03E39CB-159C-4E28-9A8D-73F23F2AC85C}.Debug|Any CPU.ActiveCfg = Debug|Any CPU
		{F03E39CB-159C-4E28-9A8D-73F23F2AC85C}.Debug|Any CPU.Build.0 = Debug|Any CPU
		{F03E39CB-159C-4E28-9A8D-73F23F2AC85C}.Release|Any CPU.ActiveCfg = Release|Any CPU
		{F03E39CB-159C-4E28-9A8D-73F23F2AC85C}.Release|Any CPU.Build.0 = Release|Any CPU
		{DE11F0D2-C503-4DB2-974E-79BA56C37B0C}.Debug|Any CPU.ActiveCfg = Debug|Any CPU
		{DE11F0D2-C503-4DB2-974E-79BA56C37B0C}.Debug|Any CPU.Build.0 = Debug|Any CPU
		{DE11F0D2-C503-4DB2-974E-79BA56C37B0C}.Release|Any CPU.ActiveCfg = Release|Any CPU
		{DE11F0D2-C503-4DB2-974E-79BA56C37B0C}.Release|Any CPU.Build.0 = Release|Any CPU
		{FB551757-738F-4300-BCFD-8EA642D0F0E2}.Debug|Any CPU.ActiveCfg = Debug|Any CPU
		{FB551757-738F-4300-BCFD-8EA642D0F0E2}.Debug|Any CPU.Build.0 = Debug|Any CPU
		{FB551757-738F-4300-BCFD-8EA642D0F0E2}.Release|Any CPU.ActiveCfg = Release|Any CPU
		{FB551757-738F-4300-BCFD-8EA642D0F0E2}.Release|Any CPU.Build.0 = Release|Any CPU
		{CE28DC87-EC32-4F7A-A16E-09887D098E16}.Debug|Any CPU.ActiveCfg = Debug|Any CPU
		{CE28DC87-EC32-4F7A-A16E-09887D098E16}.Debug|Any CPU.Build.0 = Debug|Any CPU
		{CE28DC87-EC32-4F7A-A16E-09887D098E16}.Release|Any CPU.ActiveCfg = Release|Any CPU
		{CE28DC87-EC32-4F7A-A16E-09887D098E16}.Release|Any CPU.Build.0 = Release|Any CPU
		{D585CC46-BD31-4C21-AD0A-44CF89DED797}.Debug|Any CPU.ActiveCfg = Debug|Any CPU
		{D585CC46-BD31-4C21-AD0A-44CF89DED797}.Debug|Any CPU.Build.0 = Debug|Any CPU
		{D585CC46-BD31-4C21-AD0A-44CF89DED797}.Release|Any CPU.ActiveCfg = Release|Any CPU
		{D585CC46-BD31-4C21-AD0A-44CF89DED797}.Release|Any CPU.Build.0 = Release|Any CPU
		{2DB7BF2B-CD33-4F22-805F-FEFBC6044D5A}.Debug|Any CPU.ActiveCfg = Debug|Any CPU
		{2DB7BF2B-CD33-4F22-805F-FEFBC6044D5A}.Debug|Any CPU.Build.0 = Debug|Any CPU
		{2DB7BF2B-CD33-4F22-805F-FEFBC6044D5A}.Release|Any CPU.ActiveCfg = Release|Any CPU
		{2DB7BF2B-CD33-4F22-805F-FEFBC6044D5A}.Release|Any CPU.Build.0 = Release|Any CPU
		{476CC62C-DDC9-47CA-9BA2-4AA3198C27D9}.Debug|Any CPU.ActiveCfg = Debug|Any CPU
		{476CC62C-DDC9-47CA-9BA2-4AA3198C27D9}.Debug|Any CPU.Build.0 = Debug|Any CPU
		{476CC62C-DDC9-47CA-9BA2-4AA3198C27D9}.Release|Any CPU.ActiveCfg = Release|Any CPU
		{476CC62C-DDC9-47CA-9BA2-4AA3198C27D9}.Release|Any CPU.Build.0 = Release|Any CPU
	EndGlobalSection
	GlobalSection(SolutionProperties) = preSolution
		HideSolutionNode = FALSE
	EndGlobalSection
	GlobalSection(ExtensibilityGlobals) = postSolution
		SolutionGuid = {57FC9C0B-7EF0-4BAD-B035-C1FA982B26BB}
	EndGlobalSection
EndGlobal
