
Microsoft Visual Studio Solution File, Format Version 12.00
# Visual Studio Version 17
VisualStudioVersion = 17.1.32328.378
MinimumVisualStudioVersion = 10.0.40219.1
Project("{FAE04EC0-301F-11D3-BF4B-00C04F79EFBC}") = "124_Func", "124_Func\124_Func.csproj", "{2F90F178-D655-4A64-AAE4-BE01881BB1F1}"
EndProject
Project("{FAE04EC0-301F-11D3-BF4B-00C04F79EFBC}") = "125_LINQ", "125_LINQ\125_LINQ.csproj", "{37DA9693-5BC5-47F5-BF2A-B6DC57D9B910}"
EndProject
Project("{FAE04EC0-301F-11D3-BF4B-00C04F79EFBC}") = "126_select", "126_select\126_select.csproj", "{89030E4E-DDB4-4F1A-865D-EDAFD5211771}"
EndProject
Project("{FAE04EC0-301F-11D3-BF4B-00C04F79EFBC}") = "127_orderby", "127_orderby\127_orderby.csproj", "{48C29827-21BC-4FE7-BC3C-84140E414F63}"
EndProject
Project("{FAE04EC0-301F-11D3-BF4B-00C04F79EFBC}") = "128_group", "128_group\128_group.csproj", "{A298199D-B638-4209-9508-B8A76180B717}"
EndProject
Project("{FAE04EC0-301F-11D3-BF4B-00C04F79EFBC}") = "129_group2", "129_group2\129_group2.csproj", "{961E9130-C672-4B95-900B-F61F24E5274F}"
EndProject
Project("{FAE04EC0-301F-11D3-BF4B-00C04F79EFBC}") = "130_join", "130_join\130_join.csproj", "{F464A9B1-5E6A-45F1-8E7A-29B3A4DAD1FD}"
EndProject
Project("{FAE04EC0-301F-11D3-BF4B-00C04F79EFBC}") = "131_join2", "131_join2\131_join2.csproj", "{3FB49A43-3CEF-4FF5-8F87-D9C3E7E46131}"
EndProject
Project("{FAE04EC0-301F-11D3-BF4B-00C04F79EFBC}") = "120_Ramdba", "120_Ramdba\120_Ramdba.csproj", "{52820D44-7121-4892-985F-BE7B4F7D8912}"
EndProject
Project("{FAE04EC0-301F-11D3-BF4B-00C04F79EFBC}") = "121_ListRamdba", "121_ListRamdba\121_ListRamdba.csproj", "{865480BA-9538-41C2-A9A6-3DC6473D2D30}"
EndProject
Project("{FAE04EC0-301F-11D3-BF4B-00C04F79EFBC}") = "122_FuncRamdba", "122_FuncRamdba\122_FuncRamdba.csproj", "{D0E86F1A-8AC1-4FB7-ADEC-887B83E4E5AF}"
EndProject
Project("{FAE04EC0-301F-11D3-BF4B-00C04F79EFBC}") = "123_Action", "123_Action\123_Action.csproj", "{73F2320F-590B-48BF-8C21-AD48985C096C}"
EndProject
Project("{FAE04EC0-301F-11D3-BF4B-00C04F79EFBC}") = "CheckPoint05", "CheckPoint05\CheckPoint05.csproj", "{D4F29A01-C602-40D6-8741-04C3ADD353A6}"
EndProject
Global
	GlobalSection(SolutionConfigurationPlatforms) = preSolution
		Debug|Any CPU = Debug|Any CPU
		Release|Any CPU = Release|Any CPU
	EndGlobalSection
	GlobalSection(ProjectConfigurationPlatforms) = postSolution
		{2F90F178-D655-4A64-AAE4-BE01881BB1F1}.Debug|Any CPU.ActiveCfg = Debug|Any CPU
		{2F90F178-D655-4A64-AAE4-BE01881BB1F1}.Debug|Any CPU.Build.0 = Debug|Any CPU
		{2F90F178-D655-4A64-AAE4-BE01881BB1F1}.Release|Any CPU.ActiveCfg = Release|Any CPU
		{2F90F178-D655-4A64-AAE4-BE01881BB1F1}.Release|Any CPU.Build.0 = Release|Any CPU
		{37DA9693-5BC5-47F5-BF2A-B6DC57D9B910}.Debug|Any CPU.ActiveCfg = Debug|Any CPU
		{37DA9693-5BC5-47F5-BF2A-B6DC57D9B910}.Debug|Any CPU.Build.0 = Debug|Any CPU
		{37DA9693-5BC5-47F5-BF2A-B6DC57D9B910}.Release|Any CPU.ActiveCfg = Release|Any CPU
		{37DA9693-5BC5-47F5-BF2A-B6DC57D9B910}.Release|Any CPU.Build.0 = Release|Any CPU
		{89030E4E-DDB4-4F1A-865D-EDAFD5211771}.Debug|Any CPU.ActiveCfg = Debug|Any CPU
		{89030E4E-DDB4-4F1A-865D-EDAFD5211771}.Debug|Any CPU.Build.0 = Debug|Any CPU
		{89030E4E-DDB4-4F1A-865D-EDAFD5211771}.Release|Any CPU.ActiveCfg = Release|Any CPU
		{89030E4E-DDB4-4F1A-865D-EDAFD5211771}.Release|Any CPU.Build.0 = Release|Any CPU
		{48C29827-21BC-4FE7-BC3C-84140E414F63}.Debug|Any CPU.ActiveCfg = Debug|Any CPU
		{48C29827-21BC-4FE7-BC3C-84140E414F63}.Debug|Any CPU.Build.0 = Debug|Any CPU
		{48C29827-21BC-4FE7-BC3C-84140E414F63}.Release|Any CPU.ActiveCfg = Release|Any CPU
		{48C29827-21BC-4FE7-BC3C-84140E414F63}.Release|Any CPU.Build.0 = Release|Any CPU
		{A298199D-B638-4209-9508-B8A76180B717}.Debug|Any CPU.ActiveCfg = Debug|Any CPU
		{A298199D-B638-4209-9508-B8A76180B717}.Debug|Any CPU.Build.0 = Debug|Any CPU
		{A298199D-B638-4209-9508-B8A76180B717}.Release|Any CPU.ActiveCfg = Release|Any CPU
		{A298199D-B638-4209-9508-B8A76180B717}.Release|Any CPU.Build.0 = Release|Any CPU
		{961E9130-C672-4B95-900B-F61F24E5274F}.Debug|Any CPU.ActiveCfg = Debug|Any CPU
		{961E9130-C672-4B95-900B-F61F24E5274F}.Debug|Any CPU.Build.0 = Debug|Any CPU
		{961E9130-C672-4B95-900B-F61F24E5274F}.Release|Any CPU.ActiveCfg = Release|Any CPU
		{961E9130-C672-4B95-900B-F61F24E5274F}.Release|Any CPU.Build.0 = Release|Any CPU
		{F464A9B1-5E6A-45F1-8E7A-29B3A4DAD1FD}.Debug|Any CPU.ActiveCfg = Debug|Any CPU
		{F464A9B1-5E6A-45F1-8E7A-29B3A4DAD1FD}.Debug|Any CPU.Build.0 = Debug|Any CPU
		{F464A9B1-5E6A-45F1-8E7A-29B3A4DAD1FD}.Release|Any CPU.ActiveCfg = Release|Any CPU
		{F464A9B1-5E6A-45F1-8E7A-29B3A4DAD1FD}.Release|Any CPU.Build.0 = Release|Any CPU
		{3FB49A43-3CEF-4FF5-8F87-D9C3E7E46131}.Debug|Any CPU.ActiveCfg = Debug|Any CPU
		{3FB49A43-3CEF-4FF5-8F87-D9C3E7E46131}.Debug|Any CPU.Build.0 = Debug|Any CPU
		{3FB49A43-3CEF-4FF5-8F87-D9C3E7E46131}.Release|Any CPU.ActiveCfg = Release|Any CPU
		{3FB49A43-3CEF-4FF5-8F87-D9C3E7E46131}.Release|Any CPU.Build.0 = Release|Any CPU
		{52820D44-7121-4892-985F-BE7B4F7D8912}.Debug|Any CPU.ActiveCfg = Debug|Any CPU
		{52820D44-7121-4892-985F-BE7B4F7D8912}.Debug|Any CPU.Build.0 = Debug|Any CPU
		{52820D44-7121-4892-985F-BE7B4F7D8912}.Release|Any CPU.ActiveCfg = Release|Any CPU
		{52820D44-7121-4892-985F-BE7B4F7D8912}.Release|Any CPU.Build.0 = Release|Any CPU
		{865480BA-9538-41C2-A9A6-3DC6473D2D30}.Debug|Any CPU.ActiveCfg = Debug|Any CPU
		{865480BA-9538-41C2-A9A6-3DC6473D2D30}.Debug|Any CPU.Build.0 = Debug|Any CPU
		{865480BA-9538-41C2-A9A6-3DC6473D2D30}.Release|Any CPU.ActiveCfg = Release|Any CPU
		{865480BA-9538-41C2-A9A6-3DC6473D2D30}.Release|Any CPU.Build.0 = Release|Any CPU
		{D0E86F1A-8AC1-4FB7-ADEC-887B83E4E5AF}.Debug|Any CPU.ActiveCfg = Debug|Any CPU
		{D0E86F1A-8AC1-4FB7-ADEC-887B83E4E5AF}.Debug|Any CPU.Build.0 = Debug|Any CPU
		{D0E86F1A-8AC1-4FB7-ADEC-887B83E4E5AF}.Release|Any CPU.ActiveCfg = Release|Any CPU
		{D0E86F1A-8AC1-4FB7-ADEC-887B83E4E5AF}.Release|Any CPU.Build.0 = Release|Any CPU
		{73F2320F-590B-48BF-8C21-AD48985C096C}.Debug|Any CPU.ActiveCfg = Debug|Any CPU
		{73F2320F-590B-48BF-8C21-AD48985C096C}.Debug|Any CPU.Build.0 = Debug|Any CPU
		{73F2320F-590B-48BF-8C21-AD48985C096C}.Release|Any CPU.ActiveCfg = Release|Any CPU
		{73F2320F-590B-48BF-8C21-AD48985C096C}.Release|Any CPU.Build.0 = Release|Any CPU
		{D4F29A01-C602-40D6-8741-04C3ADD353A6}.Debug|Any CPU.ActiveCfg = Debug|Any CPU
		{D4F29A01-C602-40D6-8741-04C3ADD353A6}.Debug|Any CPU.Build.0 = Debug|Any CPU
		{D4F29A01-C602-40D6-8741-04C3ADD353A6}.Release|Any CPU.ActiveCfg = Release|Any CPU
		{D4F29A01-C602-40D6-8741-04C3ADD353A6}.Release|Any CPU.Build.0 = Release|Any CPU
	EndGlobalSection
	GlobalSection(SolutionProperties) = preSolution
		HideSolutionNode = FALSE
	EndGlobalSection
	GlobalSection(ExtensibilityGlobals) = postSolution
		SolutionGuid = {9635DBBF-5075-478E-AFEF-21D5F4A305F8}
	EndGlobalSection
EndGlobal
