
Microsoft Visual Studio Solution File, Format Version 12.00
# Visual Studio Version 17
VisualStudioVersion = 17.1.32328.378
MinimumVisualStudioVersion = 10.0.40219.1
Project("{FAE04EC0-301F-11D3-BF4B-00C04F79EFBC}") = "076_Check", "076_Check\076_Check.csproj", "{5BB9D263-20DB-4F97-8B57-F1E4B2EB7752}"
EndProject
Project("{FAE04EC0-301F-11D3-BF4B-00C04F79EFBC}") = "075_Check", "075_Check\075_Check.csproj", "{D860A35C-0005-45E9-82A7-45916ED3AD83}"
EndProject
Project("{FAE04EC0-301F-11D3-BF4B-00C04F79EFBC}") = "077_Class", "077_Class\077_Class.csproj", "{FB00DDAF-FEC3-4ECB-9A0E-E1D4606CEADC}"
EndProject
Project("{FAE04EC0-301F-11D3-BF4B-00C04F79EFBC}") = "078_Constructor", "078_Constructor\078_Constructor.csproj", "{E83D69D2-BCB7-44A5-9FA0-B1C366E031E5}"
EndProject
Project("{FAE04EC0-301F-11D3-BF4B-00C04F79EFBC}") = "079_this", "079_this\079_this.csproj", "{BC7823B0-A837-4678-8117-D82BBAF1D9CD}"
EndProject
Project("{FAE04EC0-301F-11D3-BF4B-00C04F79EFBC}") = "080_static", "080_static\080_static.csproj", "{66F12160-F7FB-4623-B654-8C4354BB3E57}"
EndProject
Project("{FAE04EC0-301F-11D3-BF4B-00C04F79EFBC}") = "081_class_parameter", "081_class_parameter\081_class_parameter.csproj", "{1C20AA66-7A77-47D0-BC3D-E3A647C41DFE}"
EndProject
Project("{FAE04EC0-301F-11D3-BF4B-00C04F79EFBC}") = "081_01_class_Inheritance", "081_01_class_Inheritance\081_01_class_Inheritance.csproj", "{DC6AF9A5-A30B-4777-A4D7-64FD9EADF0E0}"
EndProject
Project("{FAE04EC0-301F-11D3-BF4B-00C04F79EFBC}") = "081_02_classInheritance", "081_02_classInheritance\081_02_classInheritance.csproj", "{BC66A2CA-42D5-415F-A078-03C0D2513BA9}"
EndProject
Project("{FAE04EC0-301F-11D3-BF4B-00C04F79EFBC}") = "081_03_class_base", "081_03_class_base\081_03_class_base.csproj", "{B62B1B8E-9B0A-4A86-958D-39BABBDC5221}"
EndProject
Project("{FAE04EC0-301F-11D3-BF4B-00C04F79EFBC}") = "082_as", "082_as\082_as.csproj", "{F6E8CA8B-C474-487B-B09E-5C798B40C721}"
EndProject
Project("{FAE04EC0-301F-11D3-BF4B-00C04F79EFBC}") = "083_override", "083_override\083_override.csproj", "{E7171795-B373-4190-880A-D3D4199FDF03}"
EndProject
Project("{FAE04EC0-301F-11D3-BF4B-00C04F79EFBC}") = "084_override2", "084_override2\084_override2.csproj", "{F90FD066-CEBC-4911-B7BA-DDB7A5B3D7DF}"
EndProject
Project("{FAE04EC0-301F-11D3-BF4B-00C04F79EFBC}") = "085_class_has_a", "085_class_has_a\085_class_has_a.csproj", "{FDF1EDC6-F052-4F68-A465-6AE12612796B}"
EndProject
Project("{FAE04EC0-301F-11D3-BF4B-00C04F79EFBC}") = "086_partial", "086_partial\086_partial.csproj", "{A38A5110-56D6-4C43-B079-19B353D1AF9E}"
EndProject
Project("{FAE04EC0-301F-11D3-BF4B-00C04F79EFBC}") = "087_extention", "087_extention\087_extention.csproj", "{DF84D987-32AC-4158-9330-112AD4B1BE7A}"
EndProject
Project("{FAE04EC0-301F-11D3-BF4B-00C04F79EFBC}") = "088_struct", "088_struct\088_struct.csproj", "{23084945-4087-405B-87C2-B4FACDFDE9A1}"
EndProject
Project("{FAE04EC0-301F-11D3-BF4B-00C04F79EFBC}") = "089_interface", "089_interface\089_interface.csproj", "{5E60281A-4DED-475D-BD2B-F606E81F420B}"
EndProject
Project("{FAE04EC0-301F-11D3-BF4B-00C04F79EFBC}") = "090_abstract", "090_abstract\090_abstract.csproj", "{2A689E86-798A-4A2C-A43B-A4AF880471D3}"
EndProject
Project("{FAE04EC0-301F-11D3-BF4B-00C04F79EFBC}") = "091_Property01", "091_Property01\091_Property01.csproj", "{DF8F687C-92E1-429C-B006-338B1F1315C9}"
EndProject
Project("{FAE04EC0-301F-11D3-BF4B-00C04F79EFBC}") = "092_Property02", "092_Property02\092_Property02.csproj", "{FB65BBAD-B56C-46F3-A1A9-C4F849BE2385}"
EndProject
Project("{FAE04EC0-301F-11D3-BF4B-00C04F79EFBC}") = "CheckPoint004", "CheckPoint004\CheckPoint004.csproj", "{5461B57C-0F10-45D0-85C4-0DF140847433}"
EndProject
Global
	GlobalSection(SolutionConfigurationPlatforms) = preSolution
		Debug|Any CPU = Debug|Any CPU
		Release|Any CPU = Release|Any CPU
	EndGlobalSection
	GlobalSection(ProjectConfigurationPlatforms) = postSolution
		{5BB9D263-20DB-4F97-8B57-F1E4B2EB7752}.Debug|Any CPU.ActiveCfg = Debug|Any CPU
		{5BB9D263-20DB-4F97-8B57-F1E4B2EB7752}.Debug|Any CPU.Build.0 = Debug|Any CPU
		{5BB9D263-20DB-4F97-8B57-F1E4B2EB7752}.Release|Any CPU.ActiveCfg = Release|Any CPU
		{5BB9D263-20DB-4F97-8B57-F1E4B2EB7752}.Release|Any CPU.Build.0 = Release|Any CPU
		{D860A35C-0005-45E9-82A7-45916ED3AD83}.Debug|Any CPU.ActiveCfg = Debug|Any CPU
		{D860A35C-0005-45E9-82A7-45916ED3AD83}.Debug|Any CPU.Build.0 = Debug|Any CPU
		{D860A35C-0005-45E9-82A7-45916ED3AD83}.Release|Any CPU.ActiveCfg = Release|Any CPU
		{D860A35C-0005-45E9-82A7-45916ED3AD83}.Release|Any CPU.Build.0 = Release|Any CPU
		{FB00DDAF-FEC3-4ECB-9A0E-E1D4606CEADC}.Debug|Any CPU.ActiveCfg = Debug|Any CPU
		{FB00DDAF-FEC3-4ECB-9A0E-E1D4606CEADC}.Debug|Any CPU.Build.0 = Debug|Any CPU
		{FB00DDAF-FEC3-4ECB-9A0E-E1D4606CEADC}.Release|Any CPU.ActiveCfg = Release|Any CPU
		{FB00DDAF-FEC3-4ECB-9A0E-E1D4606CEADC}.Release|Any CPU.Build.0 = Release|Any CPU
		{E83D69D2-BCB7-44A5-9FA0-B1C366E031E5}.Debug|Any CPU.ActiveCfg = Debug|Any CPU
		{E83D69D2-BCB7-44A5-9FA0-B1C366E031E5}.Debug|Any CPU.Build.0 = Debug|Any CPU
		{E83D69D2-BCB7-44A5-9FA0-B1C366E031E5}.Release|Any CPU.ActiveCfg = Release|Any CPU
		{E83D69D2-BCB7-44A5-9FA0-B1C366E031E5}.Release|Any CPU.Build.0 = Release|Any CPU
		{BC7823B0-A837-4678-8117-D82BBAF1D9CD}.Debug|Any CPU.ActiveCfg = Debug|Any CPU
		{BC7823B0-A837-4678-8117-D82BBAF1D9CD}.Debug|Any CPU.Build.0 = Debug|Any CPU
		{BC7823B0-A837-4678-8117-D82BBAF1D9CD}.Release|Any CPU.ActiveCfg = Release|Any CPU
		{BC7823B0-A837-4678-8117-D82BBAF1D9CD}.Release|Any CPU.Build.0 = Release|Any CPU
		{66F12160-F7FB-4623-B654-8C4354BB3E57}.Debug|Any CPU.ActiveCfg = Debug|Any CPU
		{66F12160-F7FB-4623-B654-8C4354BB3E57}.Debug|Any CPU.Build.0 = Debug|Any CPU
		{66F12160-F7FB-4623-B654-8C4354BB3E57}.Release|Any CPU.ActiveCfg = Release|Any CPU
		{66F12160-F7FB-4623-B654-8C4354BB3E57}.Release|Any CPU.Build.0 = Release|Any CPU
		{1C20AA66-7A77-47D0-BC3D-E3A647C41DFE}.Debug|Any CPU.ActiveCfg = Debug|Any CPU
		{1C20AA66-7A77-47D0-BC3D-E3A647C41DFE}.Debug|Any CPU.Build.0 = Debug|Any CPU
		{1C20AA66-7A77-47D0-BC3D-E3A647C41DFE}.Release|Any CPU.ActiveCfg = Release|Any CPU
		{1C20AA66-7A77-47D0-BC3D-E3A647C41DFE}.Release|Any CPU.Build.0 = Release|Any CPU
		{DC6AF9A5-A30B-4777-A4D7-64FD9EADF0E0}.Debug|Any CPU.ActiveCfg = Debug|Any CPU
		{DC6AF9A5-A30B-4777-A4D7-64FD9EADF0E0}.Debug|Any CPU.Build.0 = Debug|Any CPU
		{DC6AF9A5-A30B-4777-A4D7-64FD9EADF0E0}.Release|Any CPU.ActiveCfg = Release|Any CPU
		{DC6AF9A5-A30B-4777-A4D7-64FD9EADF0E0}.Release|Any CPU.Build.0 = Release|Any CPU
		{BC66A2CA-42D5-415F-A078-03C0D2513BA9}.Debug|Any CPU.ActiveCfg = Debug|Any CPU
		{BC66A2CA-42D5-415F-A078-03C0D2513BA9}.Debug|Any CPU.Build.0 = Debug|Any CPU
		{BC66A2CA-42D5-415F-A078-03C0D2513BA9}.Release|Any CPU.ActiveCfg = Release|Any CPU
		{BC66A2CA-42D5-415F-A078-03C0D2513BA9}.Release|Any CPU.Build.0 = Release|Any CPU
		{B62B1B8E-9B0A-4A86-958D-39BABBDC5221}.Debug|Any CPU.ActiveCfg = Debug|Any CPU
		{B62B1B8E-9B0A-4A86-958D-39BABBDC5221}.Debug|Any CPU.Build.0 = Debug|Any CPU
		{B62B1B8E-9B0A-4A86-958D-39BABBDC5221}.Release|Any CPU.ActiveCfg = Release|Any CPU
		{B62B1B8E-9B0A-4A86-958D-39BABBDC5221}.Release|Any CPU.Build.0 = Release|Any CPU
		{F6E8CA8B-C474-487B-B09E-5C798B40C721}.Debug|Any CPU.ActiveCfg = Debug|Any CPU
		{F6E8CA8B-C474-487B-B09E-5C798B40C721}.Debug|Any CPU.Build.0 = Debug|Any CPU
		{F6E8CA8B-C474-487B-B09E-5C798B40C721}.Release|Any CPU.ActiveCfg = Release|Any CPU
		{F6E8CA8B-C474-487B-B09E-5C798B40C721}.Release|Any CPU.Build.0 = Release|Any CPU
		{E7171795-B373-4190-880A-D3D4199FDF03}.Debug|Any CPU.ActiveCfg = Debug|Any CPU
		{E7171795-B373-4190-880A-D3D4199FDF03}.Debug|Any CPU.Build.0 = Debug|Any CPU
		{E7171795-B373-4190-880A-D3D4199FDF03}.Release|Any CPU.ActiveCfg = Release|Any CPU
		{E7171795-B373-4190-880A-D3D4199FDF03}.Release|Any CPU.Build.0 = Release|Any CPU
		{F90FD066-CEBC-4911-B7BA-DDB7A5B3D7DF}.Debug|Any CPU.ActiveCfg = Debug|Any CPU
		{F90FD066-CEBC-4911-B7BA-DDB7A5B3D7DF}.Debug|Any CPU.Build.0 = Debug|Any CPU
		{F90FD066-CEBC-4911-B7BA-DDB7A5B3D7DF}.Release|Any CPU.ActiveCfg = Release|Any CPU
		{F90FD066-CEBC-4911-B7BA-DDB7A5B3D7DF}.Release|Any CPU.Build.0 = Release|Any CPU
		{FDF1EDC6-F052-4F68-A465-6AE12612796B}.Debug|Any CPU.ActiveCfg = Debug|Any CPU
		{FDF1EDC6-F052-4F68-A465-6AE12612796B}.Debug|Any CPU.Build.0 = Debug|Any CPU
		{FDF1EDC6-F052-4F68-A465-6AE12612796B}.Release|Any CPU.ActiveCfg = Release|Any CPU
		{FDF1EDC6-F052-4F68-A465-6AE12612796B}.Release|Any CPU.Build.0 = Release|Any CPU
		{A38A5110-56D6-4C43-B079-19B353D1AF9E}.Debug|Any CPU.ActiveCfg = Debug|Any CPU
		{A38A5110-56D6-4C43-B079-19B353D1AF9E}.Debug|Any CPU.Build.0 = Debug|Any CPU
		{A38A5110-56D6-4C43-B079-19B353D1AF9E}.Release|Any CPU.ActiveCfg = Release|Any CPU
		{A38A5110-56D6-4C43-B079-19B353D1AF9E}.Release|Any CPU.Build.0 = Release|Any CPU
		{DF84D987-32AC-4158-9330-112AD4B1BE7A}.Debug|Any CPU.ActiveCfg = Debug|Any CPU
		{DF84D987-32AC-4158-9330-112AD4B1BE7A}.Debug|Any CPU.Build.0 = Debug|Any CPU
		{DF84D987-32AC-4158-9330-112AD4B1BE7A}.Release|Any CPU.ActiveCfg = Release|Any CPU
		{DF84D987-32AC-4158-9330-112AD4B1BE7A}.Release|Any CPU.Build.0 = Release|Any CPU
		{23084945-4087-405B-87C2-B4FACDFDE9A1}.Debug|Any CPU.ActiveCfg = Debug|Any CPU
		{23084945-4087-405B-87C2-B4FACDFDE9A1}.Debug|Any CPU.Build.0 = Debug|Any CPU
		{23084945-4087-405B-87C2-B4FACDFDE9A1}.Release|Any CPU.ActiveCfg = Release|Any CPU
		{23084945-4087-405B-87C2-B4FACDFDE9A1}.Release|Any CPU.Build.0 = Release|Any CPU
		{5E60281A-4DED-475D-BD2B-F606E81F420B}.Debug|Any CPU.ActiveCfg = Debug|Any CPU
		{5E60281A-4DED-475D-BD2B-F606E81F420B}.Debug|Any CPU.Build.0 = Debug|Any CPU
		{5E60281A-4DED-475D-BD2B-F606E81F420B}.Release|Any CPU.ActiveCfg = Release|Any CPU
		{5E60281A-4DED-475D-BD2B-F606E81F420B}.Release|Any CPU.Build.0 = Release|Any CPU
		{2A689E86-798A-4A2C-A43B-A4AF880471D3}.Debug|Any CPU.ActiveCfg = Debug|Any CPU
		{2A689E86-798A-4A2C-A43B-A4AF880471D3}.Debug|Any CPU.Build.0 = Debug|Any CPU
		{2A689E86-798A-4A2C-A43B-A4AF880471D3}.Release|Any CPU.ActiveCfg = Release|Any CPU
		{2A689E86-798A-4A2C-A43B-A4AF880471D3}.Release|Any CPU.Build.0 = Release|Any CPU
		{DF8F687C-92E1-429C-B006-338B1F1315C9}.Debug|Any CPU.ActiveCfg = Debug|Any CPU
		{DF8F687C-92E1-429C-B006-338B1F1315C9}.Debug|Any CPU.Build.0 = Debug|Any CPU
		{DF8F687C-92E1-429C-B006-338B1F1315C9}.Release|Any CPU.ActiveCfg = Release|Any CPU
		{DF8F687C-92E1-429C-B006-338B1F1315C9}.Release|Any CPU.Build.0 = Release|Any CPU
		{FB65BBAD-B56C-46F3-A1A9-C4F849BE2385}.Debug|Any CPU.ActiveCfg = Debug|Any CPU
		{FB65BBAD-B56C-46F3-A1A9-C4F849BE2385}.Debug|Any CPU.Build.0 = Debug|Any CPU
		{FB65BBAD-B56C-46F3-A1A9-C4F849BE2385}.Release|Any CPU.ActiveCfg = Release|Any CPU
		{FB65BBAD-B56C-46F3-A1A9-C4F849BE2385}.Release|Any CPU.Build.0 = Release|Any CPU
		{5461B57C-0F10-45D0-85C4-0DF140847433}.Debug|Any CPU.ActiveCfg = Debug|Any CPU
		{5461B57C-0F10-45D0-85C4-0DF140847433}.Debug|Any CPU.Build.0 = Debug|Any CPU
		{5461B57C-0F10-45D0-85C4-0DF140847433}.Release|Any CPU.ActiveCfg = Release|Any CPU
		{5461B57C-0F10-45D0-85C4-0DF140847433}.Release|Any CPU.Build.0 = Release|Any CPU
	EndGlobalSection
	GlobalSection(SolutionProperties) = preSolution
		HideSolutionNode = FALSE
	EndGlobalSection
	GlobalSection(ExtensibilityGlobals) = postSolution
		SolutionGuid = {032C76F4-CB12-454B-9D66-3C9E9C394A36}
	EndGlobalSection
EndGlobal
