
Microsoft Visual Studio Solution File, Format Version 12.00
# Visual Studio Version 17
VisualStudioVersion = 17.1.32328.378
MinimumVisualStudioVersion = 10.0.40219.1
Project("{FAE04EC0-301F-11D3-BF4B-00C04F79EFBC}") = "076_Check", "076_Check\076_Check.csproj", "{5BB9D263-20DB-4F97-8B57-F1E4B2EB7752}"
EndProject
Project("{FAE04EC0-301F-11D3-BF4B-00C04F79EFBC}") = "075_Check", "075_Check\075_Check.csproj", "{D860A35C-0005-45E9-82A7-45916ED3AD83}"
EndProject
Global
	GlobalSection(SolutionConfigurationPlatforms) = preSolution
		Debug|Any CPU = Debug|Any CPU
		Release|Any CPU = Release|Any CPU
	EndGlobalSection
	GlobalSection(ProjectConfigurationPlatforms) = postSolution
		{5BB9D263-20DB-4F97-8B57-F1E4B2EB7752}.Debug|Any CPU.ActiveCfg = Debug|Any CPU
		{5BB9D263-20DB-4F97-8B57-F1E4B2EB7752}.Debug|Any CPU.Build.0 = Debug|Any CPU
		{5BB9D263-20DB-4F97-8B57-F1E4B2EB7752}.Release|Any CPU.ActiveCfg = Release|Any CPU
		{5BB9D263-20DB-4F97-8B57-F1E4B2EB7752}.Release|Any CPU.Build.0 = Release|Any CPU
		{D860A35C-0005-45E9-82A7-45916ED3AD83}.Debug|Any CPU.ActiveCfg = Debug|Any CPU
		{D860A35C-0005-45E9-82A7-45916ED3AD83}.Debug|Any CPU.Build.0 = Debug|Any CPU
		{D860A35C-0005-45E9-82A7-45916ED3AD83}.Release|Any CPU.ActiveCfg = Release|Any CPU
		{D860A35C-0005-45E9-82A7-45916ED3AD83}.Release|Any CPU.Build.0 = Release|Any CPU
	EndGlobalSection
	GlobalSection(SolutionProperties) = preSolution
		HideSolutionNode = FALSE
	EndGlobalSection
	GlobalSection(ExtensibilityGlobals) = postSolution
		SolutionGuid = {032C76F4-CB12-454B-9D66-3C9E9C394A36}
	EndGlobalSection
EndGlobal
